
Microsoft Visual Studio Solution File, Format Version 12.00
# Visual Studio Version 16
VisualStudioVersion = 16.0.31205.134
MinimumVisualStudioVersion = 10.0.40219.1
Project("{FAE04EC0-301F-11D3-BF4B-00C04F79EFBC}") = "Dorina_Ultrabalaton_2021.04.19", "Dorina_Ultrabalaton_2021.04.19\Dorina_Ultrabalaton_2021.04.19.csproj", "{CFFA65D4-575C-41AF-A938-B70DC92315F9}"
EndProject
Global
	GlobalSection(SolutionConfigurationPlatforms) = preSolution
		Debug|Any CPU = Debug|Any CPU
		Release|Any CPU = Release|Any CPU
	EndGlobalSection
	GlobalSection(ProjectConfigurationPlatforms) = postSolution
		{CFFA65D4-575C-41AF-A938-B70DC92315F9}.Debug|Any CPU.ActiveCfg = Debug|Any CPU
		{CFFA65D4-575C-41AF-A938-B70DC92315F9}.Debug|Any CPU.Build.0 = Debug|Any CPU
		{CFFA65D4-575C-41AF-A938-B70DC92315F9}.Release|Any CPU.ActiveCfg = Release|Any CPU
		{CFFA65D4-575C-41AF-A938-B70DC92315F9}.Release|Any CPU.Build.0 = Release|Any CPU
	EndGlobalSection
	GlobalSection(SolutionProperties) = preSolution
		HideSolutionNode = FALSE
	EndGlobalSection
	GlobalSection(ExtensibilityGlobals) = postSolution
		SolutionGuid = {B1EB3D4B-97A1-4C6B-9DE9-767A9F6084D0}
	EndGlobalSection
EndGlobal
